
Microsoft Visual Studio Solution File, Format Version 12.00
# Visual Studio Version 17
VisualStudioVersion = 17.4.33205.214
MinimumVisualStudioVersion = 10.0.40219.1
Project("{FAE04EC0-301F-11D3-BF4B-00C04F79EFBC}") = "Online Shop", "Online Shop\Online Shop.csproj", "{5AD3BA80-E5BB-4005-983D-0F6B15CDC113}"
EndProject
Global
	GlobalSection(SolutionConfigurationPlatforms) = preSolution
		Debug|Any CPU = Debug|Any CPU
		Release|Any CPU = Release|Any CPU
	EndGlobalSection
	GlobalSection(ProjectConfigurationPlatforms) = postSolution
		{5AD3BA80-E5BB-4005-983D-0F6B15CDC113}.Debug|Any CPU.ActiveCfg = Debug|Any CPU
		{5AD3BA80-E5BB-4005-983D-0F6B15CDC113}.Debug|Any CPU.Build.0 = Debug|Any CPU
		{5AD3BA80-E5BB-4005-983D-0F6B15CDC113}.Release|Any CPU.ActiveCfg = Release|Any CPU
		{5AD3BA80-E5BB-4005-983D-0F6B15CDC113}.Release|Any CPU.Build.0 = Release|Any CPU
	EndGlobalSection
	GlobalSection(SolutionProperties) = preSolution
		HideSolutionNode = FALSE
	EndGlobalSection
	GlobalSection(ExtensibilityGlobals) = postSolution
		SolutionGuid = {492E1F3D-7089-4C3C-A352-3AB352CE9D05}
	EndGlobalSection
EndGlobal
